// !$*UTF8*$!
{
	archiveVersion = 1;
	classes = {
	};
	objectVersion = 46;
	objects = {

/* Begin PBXBuildFile section */
		CE1054431E54723E000F8183 /* LeaderBoard+CoreDataClass.m in Sources */ = {isa = PBXBuildFile; fileRef = CE10543C1E54723E000F8183 /* LeaderBoard+CoreDataClass.m */; };
		CE1054441E54723E000F8183 /* LeaderBoard+CoreDataProperties.m in Sources */ = {isa = PBXBuildFile; fileRef = CE10543E1E54723E000F8183 /* LeaderBoard+CoreDataProperties.m */; };
		CE1054451E54723E000F8183 /* ScoreHistory+CoreDataClass.m in Sources */ = {isa = PBXBuildFile; fileRef = CE1054401E54723E000F8183 /* ScoreHistory+CoreDataClass.m */; };
		CE1054461E54723E000F8183 /* ScoreHistory+CoreDataProperties.m in Sources */ = {isa = PBXBuildFile; fileRef = CE1054421E54723E000F8183 /* ScoreHistory+CoreDataProperties.m */; };
		CE1EA8F91E52D73B0038CFBD /* main.m in Sources */ = {isa = PBXBuildFile; fileRef = CE1EA8F81E52D73B0038CFBD /* main.m */; };
		CE1EA8FC1E52D73C0038CFBD /* AppDelegate.m in Sources */ = {isa = PBXBuildFile; fileRef = CE1EA8FB1E52D73C0038CFBD /* AppDelegate.m */; };
		CE1EA8FF1E52D73C0038CFBD /* ViewController.m in Sources */ = {isa = PBXBuildFile; fileRef = CE1EA8FE1E52D73C0038CFBD /* ViewController.m */; };
		CE1EA9021E52D73C0038CFBD /* Main.storyboard in Resources */ = {isa = PBXBuildFile; fileRef = CE1EA9001E52D73C0038CFBD /* Main.storyboard */; };
		CE1EA9051E52D73C0038CFBD /* ColorMemoryForAccedo.xcdatamodeld in Sources */ = {isa = PBXBuildFile; fileRef = CE1EA9031E52D73C0038CFBD /* ColorMemoryForAccedo.xcdatamodeld */; };
		CE1EA9071E52D73C0038CFBD /* Assets.xcassets in Resources */ = {isa = PBXBuildFile; fileRef = CE1EA9061E52D73C0038CFBD /* Assets.xcassets */; };
		CE1EA90A1E52D73C0038CFBD /* LaunchScreen.storyboard in Resources */ = {isa = PBXBuildFile; fileRef = CE1EA9081E52D73C0038CFBD /* LaunchScreen.storyboard */; };
		CE1EA92A1E52E0920038CFBD /* card_bg.png in Resources */ = {isa = PBXBuildFile; fileRef = CE1EA91F1E52E0920038CFBD /* card_bg.png */; };
		CE1EA92B1E52E0920038CFBD /* colour1.png in Resources */ = {isa = PBXBuildFile; fileRef = CE1EA9201E52E0920038CFBD /* colour1.png */; };
		CE1EA92C1E52E0920038CFBD /* colour2.png in Resources */ = {isa = PBXBuildFile; fileRef = CE1EA9211E52E0920038CFBD /* colour2.png */; };
		CE1EA92D1E52E0920038CFBD /* colour3.png in Resources */ = {isa = PBXBuildFile; fileRef = CE1EA9221E52E0920038CFBD /* colour3.png */; };
		CE1EA92E1E52E0920038CFBD /* colour4.png in Resources */ = {isa = PBXBuildFile; fileRef = CE1EA9231E52E0920038CFBD /* colour4.png */; };
		CE1EA92F1E52E0920038CFBD /* colour5.png in Resources */ = {isa = PBXBuildFile; fileRef = CE1EA9241E52E0920038CFBD /* colour5.png */; };
		CE1EA9301E52E0920038CFBD /* colour6.png in Resources */ = {isa = PBXBuildFile; fileRef = CE1EA9251E52E0920038CFBD /* colour6.png */; };
		CE1EA9311E52E0920038CFBD /* colour7.png in Resources */ = {isa = PBXBuildFile; fileRef = CE1EA9261E52E0920038CFBD /* colour7.png */; };
		CE1EA9321E52E0920038CFBD /* colour8.png in Resources */ = {isa = PBXBuildFile; fileRef = CE1EA9271E52E0920038CFBD /* colour8.png */; };
		CE1EA9331E52E0920038CFBD /* icon_57x57.png in Resources */ = {isa = PBXBuildFile; fileRef = CE1EA9281E52E0920038CFBD /* icon_57x57.png */; };
		CE1EA9341E52E0920038CFBD /* iphone_padding_reference.jpg in Resources */ = {isa = PBXBuildFile; fileRef = CE1EA9291E52E0920038CFBD /* iphone_padding_reference.jpg */; };
		CE1EA93B1E52E4020038CFBD /* CardViewCell.xib in Resources */ = {isa = PBXBuildFile; fileRef = CE1EA93A1E52E4020038CFBD /* CardViewCell.xib */; };
		CE1EA93E1E52F05C0038CFBD /* NSMutableArray+Shuffle.m in Sources */ = {isa = PBXBuildFile; fileRef = CE1EA93D1E52F05C0038CFBD /* NSMutableArray+Shuffle.m */; };
		CE1EA9401E52F6F40038CFBD /* ColorKeys.plist in Resources */ = {isa = PBXBuildFile; fileRef = CE1EA93F1E52F6F40038CFBD /* ColorKeys.plist */; };
/* End PBXBuildFile section */

/* Begin PBXFileReference section */
		CE10543B1E54723E000F8183 /* LeaderBoard+CoreDataClass.h */ = {isa = PBXFileReference; fileEncoding = 4; lastKnownFileType = sourcecode.c.h; path = "LeaderBoard+CoreDataClass.h"; sourceTree = "<group>"; };
		CE10543C1E54723E000F8183 /* LeaderBoard+CoreDataClass.m */ = {isa = PBXFileReference; fileEncoding = 4; lastKnownFileType = sourcecode.c.objc; path = "LeaderBoard+CoreDataClass.m"; sourceTree = "<group>"; };
		CE10543D1E54723E000F8183 /* LeaderBoard+CoreDataProperties.h */ = {isa = PBXFileReference; fileEncoding = 4; lastKnownFileType = sourcecode.c.h; path = "LeaderBoard+CoreDataProperties.h"; sourceTree = "<group>"; };
		CE10543E1E54723E000F8183 /* LeaderBoard+CoreDataProperties.m */ = {isa = PBXFileReference; fileEncoding = 4; lastKnownFileType = sourcecode.c.objc; path = "LeaderBoard+CoreDataProperties.m"; sourceTree = "<group>"; };
		CE10543F1E54723E000F8183 /* ScoreHistory+CoreDataClass.h */ = {isa = PBXFileReference; fileEncoding = 4; lastKnownFileType = sourcecode.c.h; path = "ScoreHistory+CoreDataClass.h"; sourceTree = "<group>"; };
		CE1054401E54723E000F8183 /* ScoreHistory+CoreDataClass.m */ = {isa = PBXFileReference; fileEncoding = 4; lastKnownFileType = sourcecode.c.objc; path = "ScoreHistory+CoreDataClass.m"; sourceTree = "<group>"; };
		CE1054411E54723E000F8183 /* ScoreHistory+CoreDataProperties.h */ = {isa = PBXFileReference; fileEncoding = 4; lastKnownFileType = sourcecode.c.h; path = "ScoreHistory+CoreDataProperties.h"; sourceTree = "<group>"; };
		CE1054421E54723E000F8183 /* ScoreHistory+CoreDataProperties.m */ = {isa = PBXFileReference; fileEncoding = 4; lastKnownFileType = sourcecode.c.objc; path = "ScoreHistory+CoreDataProperties.m"; sourceTree = "<group>"; };
		CE1EA8F41E52D73B0038CFBD /* ColorMemoryForAccedo.app */ = {isa = PBXFileReference; explicitFileType = wrapper.application; includeInIndex = 0; path = ColorMemoryForAccedo.app; sourceTree = BUILT_PRODUCTS_DIR; };
		CE1EA8F81E52D73B0038CFBD /* main.m */ = {isa = PBXFileReference; lastKnownFileType = sourcecode.c.objc; path = main.m; sourceTree = "<group>"; };
		CE1EA8FA1E52D73B0038CFBD /* AppDelegate.h */ = {isa = PBXFileReference; lastKnownFileType = sourcecode.c.h; path = AppDelegate.h; sourceTree = "<group>"; };
		CE1EA8FB1E52D73C0038CFBD /* AppDelegate.m */ = {isa = PBXFileReference; lastKnownFileType = sourcecode.c.objc; path = AppDelegate.m; sourceTree = "<group>"; };
		CE1EA8FD1E52D73C0038CFBD /* ViewController.h */ = {isa = PBXFileReference; lastKnownFileType = sourcecode.c.h; path = ViewController.h; sourceTree = "<group>"; };
		CE1EA8FE1E52D73C0038CFBD /* ViewController.m */ = {isa = PBXFileReference; lastKnownFileType = sourcecode.c.objc; path = ViewController.m; sourceTree = "<group>"; };
		CE1EA9011E52D73C0038CFBD /* Base */ = {isa = PBXFileReference; lastKnownFileType = file.storyboard; name = Base; path = Base.lproj/Main.storyboard; sourceTree = "<group>"; };
		CE1EA9041E52D73C0038CFBD /* ColorMemoryForAccedo.xcdatamodel */ = {isa = PBXFileReference; lastKnownFileType = wrapper.xcdatamodel; path = ColorMemoryForAccedo.xcdatamodel; sourceTree = "<group>"; };
		CE1EA9061E52D73C0038CFBD /* Assets.xcassets */ = {isa = PBXFileReference; lastKnownFileType = folder.assetcatalog; path = Assets.xcassets; sourceTree = "<group>"; };
		CE1EA9091E52D73C0038CFBD /* Base */ = {isa = PBXFileReference; lastKnownFileType = file.storyboard; name = Base; path = Base.lproj/LaunchScreen.storyboard; sourceTree = "<group>"; };
		CE1EA90B1E52D73C0038CFBD /* Info.plist */ = {isa = PBXFileReference; lastKnownFileType = text.plist.xml; path = Info.plist; sourceTree = "<group>"; };
		CE1EA91F1E52E0920038CFBD /* card_bg.png */ = {isa = PBXFileReference; lastKnownFileType = image.png; path = card_bg.png; sourceTree = "<group>"; };
		CE1EA9201E52E0920038CFBD /* colour1.png */ = {isa = PBXFileReference; lastKnownFileType = image.png; path = colour1.png; sourceTree = "<group>"; };
		CE1EA9211E52E0920038CFBD /* colour2.png */ = {isa = PBXFileReference; lastKnownFileType = image.png; path = colour2.png; sourceTree = "<group>"; };
		CE1EA9221E52E0920038CFBD /* colour3.png */ = {isa = PBXFileReference; lastKnownFileType = image.png; path = colour3.png; sourceTree = "<group>"; };
		CE1EA9231E52E0920038CFBD /* colour4.png */ = {isa = PBXFileReference; lastKnownFileType = image.png; path = colour4.png; sourceTree = "<group>"; };
		CE1EA9241E52E0920038CFBD /* colour5.png */ = {isa = PBXFileReference; lastKnownFileType = image.png; path = colour5.png; sourceTree = "<group>"; };
		CE1EA9251E52E0920038CFBD /* colour6.png */ = {isa = PBXFileReference; lastKnownFileType = image.png; path = colour6.png; sourceTree = "<group>"; };
		CE1EA9261E52E0920038CFBD /* colour7.png */ = {isa = PBXFileReference; lastKnownFileType = image.png; path = colour7.png; sourceTree = "<group>"; };
		CE1EA9271E52E0920038CFBD /* colour8.png */ = {isa = PBXFileReference; lastKnownFileType = image.png; path = colour8.png; sourceTree = "<group>"; };
		CE1EA9281E52E0920038CFBD /* icon_57x57.png */ = {isa = PBXFileReference; lastKnownFileType = image.png; path = icon_57x57.png; sourceTree = "<group>"; };
		CE1EA9291E52E0920038CFBD /* iphone_padding_reference.jpg */ = {isa = PBXFileReference; lastKnownFileType = image.jpeg; path = iphone_padding_reference.jpg; sourceTree = "<group>"; };
		CE1EA93A1E52E4020038CFBD /* CardViewCell.xib */ = {isa = PBXFileReference; fileEncoding = 4; lastKnownFileType = file.xib; path = CardViewCell.xib; sourceTree = "<group>"; };
		CE1EA93C1E52F05C0038CFBD /* NSMutableArray+Shuffle.h */ = {isa = PBXFileReference; fileEncoding = 4; lastKnownFileType = sourcecode.c.h; path = "NSMutableArray+Shuffle.h"; sourceTree = "<group>"; };
		CE1EA93D1E52F05C0038CFBD /* NSMutableArray+Shuffle.m */ = {isa = PBXFileReference; fileEncoding = 4; lastKnownFileType = sourcecode.c.objc; path = "NSMutableArray+Shuffle.m"; sourceTree = "<group>"; };
		CE1EA93F1E52F6F40038CFBD /* ColorKeys.plist */ = {isa = PBXFileReference; fileEncoding = 4; lastKnownFileType = text.plist.xml; path = ColorKeys.plist; sourceTree = "<group>"; };
/* End PBXFileReference section */

/* Begin PBXFrameworksBuildPhase section */
		CE1EA8F11E52D73A0038CFBD /* Frameworks */ = {
			isa = PBXFrameworksBuildPhase;
			buildActionMask = 2147483647;
			files = (
			);
			runOnlyForDeploymentPostprocessing = 0;
		};
/* End PBXFrameworksBuildPhase section */

/* Begin PBXGroup section */
		CE1054471E548B0C000F8183 /* Model */ = {
			isa = PBXGroup;
			children = (
				CE10543B1E54723E000F8183 /* LeaderBoard+CoreDataClass.h */,
				CE10543C1E54723E000F8183 /* LeaderBoard+CoreDataClass.m */,
				CE10543D1E54723E000F8183 /* LeaderBoard+CoreDataProperties.h */,
				CE10543E1E54723E000F8183 /* LeaderBoard+CoreDataProperties.m */,
				CE10543F1E54723E000F8183 /* ScoreHistory+CoreDataClass.h */,
				CE1054401E54723E000F8183 /* ScoreHistory+CoreDataClass.m */,
				CE1054411E54723E000F8183 /* ScoreHistory+CoreDataProperties.h */,
				CE1054421E54723E000F8183 /* ScoreHistory+CoreDataProperties.m */,
			);
			name = Model;
			sourceTree = "<group>";
		};
		CE1EA8EB1E52D73A0038CFBD = {
			isa = PBXGroup;
			children = (
				CE1054471E548B0C000F8183 /* Model */,
				CE1EA93F1E52F6F40038CFBD /* ColorKeys.plist */,
				CE1EA93C1E52F05C0038CFBD /* NSMutableArray+Shuffle.h */,
				CE1EA93D1E52F05C0038CFBD /* NSMutableArray+Shuffle.m */,
				CE1EA93A1E52E4020038CFBD /* CardViewCell.xib */,
				CE1EA91E1E52E07C0038CFBD /* Resources */,
				CE1EA8F61E52D73B0038CFBD /* ColorMemoryForAccedo */,
				CE1EA8F51E52D73B0038CFBD /* Products */,
			);
			sourceTree = "<group>";
		};
		CE1EA8F51E52D73B0038CFBD /* Products */ = {
			isa = PBXGroup;
			children = (
				CE1EA8F41E52D73B0038CFBD /* ColorMemoryForAccedo.app */,
			);
			name = Products;
			sourceTree = "<group>";
		};
		CE1EA8F61E52D73B0038CFBD /* ColorMemoryForAccedo */ = {
			isa = PBXGroup;
			children = (
				CE1EA8FA1E52D73B0038CFBD /* AppDelegate.h */,
				CE1EA8FB1E52D73C0038CFBD /* AppDelegate.m */,
				CE1EA8FD1E52D73C0038CFBD /* ViewController.h */,
				CE1EA8FE1E52D73C0038CFBD /* ViewController.m */,
				CE1EA9001E52D73C0038CFBD /* Main.storyboard */,
				CE1EA9061E52D73C0038CFBD /* Assets.xcassets */,
				CE1EA9081E52D73C0038CFBD /* LaunchScreen.storyboard */,
				CE1EA90B1E52D73C0038CFBD /* Info.plist */,
				CE1EA9031E52D73C0038CFBD /* ColorMemoryForAccedo.xcdatamodeld */,
				CE1EA8F71E52D73B0038CFBD /* Supporting Files */,
			);
			path = ColorMemoryForAccedo;
			sourceTree = "<group>";
		};
		CE1EA8F71E52D73B0038CFBD /* Supporting Files */ = {
			isa = PBXGroup;
			children = (
				CE1EA8F81E52D73B0038CFBD /* main.m */,
			);
			name = "Supporting Files";
			sourceTree = "<group>";
		};
		CE1EA91E1E52E07C0038CFBD /* Resources */ = {
			isa = PBXGroup;
			children = (
				CE1EA91F1E52E0920038CFBD /* card_bg.png */,
				CE1EA9201E52E0920038CFBD /* colour1.png */,
				CE1EA9211E52E0920038CFBD /* colour2.png */,
				CE1EA9221E52E0920038CFBD /* colour3.png */,
				CE1EA9231E52E0920038CFBD /* colour4.png */,
				CE1EA9241E52E0920038CFBD /* colour5.png */,
				CE1EA9251E52E0920038CFBD /* colour6.png */,
				CE1EA9261E52E0920038CFBD /* colour7.png */,
				CE1EA9271E52E0920038CFBD /* colour8.png */,
				CE1EA9281E52E0920038CFBD /* icon_57x57.png */,
				CE1EA9291E52E0920038CFBD /* iphone_padding_reference.jpg */,
			);
			name = Resources;
			sourceTree = "<group>";
		};
/* End PBXGroup section */

/* Begin PBXNativeTarget section */
		CE1EA8F31E52D73A0038CFBD /* ColorMemoryForAccedo */ = {
			isa = PBXNativeTarget;
			buildConfigurationList = CE1EA90E1E52D73C0038CFBD /* Build configuration list for PBXNativeTarget "ColorMemoryForAccedo" */;
			buildPhases = (
				CE1EA8F01E52D73A0038CFBD /* Sources */,
				CE1EA8F11E52D73A0038CFBD /* Frameworks */,
				CE1EA8F21E52D73A0038CFBD /* Resources */,
			);
			buildRules = (
			);
			dependencies = (
			);
			name = ColorMemoryForAccedo;
			productName = ColorMemoryForAccedo;
			productReference = CE1EA8F41E52D73B0038CFBD /* ColorMemoryForAccedo.app */;
			productType = "com.apple.product-type.application";
		};
/* End PBXNativeTarget section */

/* Begin PBXProject section */
		CE1EA8EC1E52D73A0038CFBD /* Project object */ = {
			isa = PBXProject;
			attributes = {
				LastUpgradeCheck = 0800;
				ORGANIZATIONNAME = Wasim;
				TargetAttributes = {
					CE1EA8F31E52D73A0038CFBD = {
						CreatedOnToolsVersion = 8.0;
						ProvisioningStyle = Automatic;
					};
				};
			};
			buildConfigurationList = CE1EA8EF1E52D73A0038CFBD /* Build configuration list for PBXProject "ColorMemoryForAccedo" */;
			compatibilityVersion = "Xcode 3.2";
			developmentRegion = English;
			hasScannedForEncodings = 0;
			knownRegions = (
				en,
				Base,
			);
			mainGroup = CE1EA8EB1E52D73A0038CFBD;
			productRefGroup = CE1EA8F51E52D73B0038CFBD /* Products */;
			projectDirPath = "";
			projectRoot = "";
			targets = (
				CE1EA8F31E52D73A0038CFBD /* ColorMemoryForAccedo */,
			);
		};
/* End PBXProject section */

/* Begin PBXResourcesBuildPhase section */
		CE1EA8F21E52D73A0038CFBD /* Resources */ = {
			isa = PBXResourcesBuildPhase;
			buildActionMask = 2147483647;
			files = (
				CE1EA92C1E52E0920038CFBD /* colour2.png in Resources */,
				CE1EA92A1E52E0920038CFBD /* card_bg.png in Resources */,
				CE1EA9341E52E0920038CFBD /* iphone_padding_reference.jpg in Resources */,
				CE1EA9331E52E0920038CFBD /* icon_57x57.png in Resources */,
				CE1EA9401E52F6F40038CFBD /* ColorKeys.plist in Resources */,
				CE1EA90A1E52D73C0038CFBD /* LaunchScreen.storyboard in Resources */,
				CE1EA92F1E52E0920038CFBD /* colour5.png in Resources */,
				CE1EA9301E52E0920038CFBD /* colour6.png in Resources */,
				CE1EA9071E52D73C0038CFBD /* Assets.xcassets in Resources */,
				CE1EA9321E52E0920038CFBD /* colour8.png in Resources */,
				CE1EA93B1E52E4020038CFBD /* CardViewCell.xib in Resources */,
				CE1EA9021E52D73C0038CFBD /* Main.storyboard in Resources */,
				CE1EA92B1E52E0920038CFBD /* colour1.png in Resources */,
				CE1EA92E1E52E0920038CFBD /* colour4.png in Resources */,
				CE1EA92D1E52E0920038CFBD /* colour3.png in Resources */,
				CE1EA9311E52E0920038CFBD /* colour7.png in Resources */,
			);
			runOnlyForDeploymentPostprocessing = 0;
		};
/* End PBXResourcesBuildPhase section */

/* Begin PBXSourcesBuildPhase section */
		CE1EA8F01E52D73A0038CFBD /* Sources */ = {
			isa = PBXSourcesBuildPhase;
			buildActionMask = 2147483647;
			files = (
				CE1EA8FF1E52D73C0038CFBD /* ViewController.m in Sources */,
				CE1054451E54723E000F8183 /* ScoreHistory+CoreDataClass.m in Sources */,
				CE1054461E54723E000F8183 /* ScoreHistory+CoreDataProperties.m in Sources */,
				CE1054431E54723E000F8183 /* LeaderBoard+CoreDataClass.m in Sources */,
				CE1054441E54723E000F8183 /* LeaderBoard+CoreDataProperties.m in Sources */,
				CE1EA9051E52D73C0038CFBD /* ColorMemoryForAccedo.xcdatamodeld in Sources */,
				CE1EA8FC1E52D73C0038CFBD /* AppDelegate.m in Sources */,
				CE1EA8F91E52D73B0038CFBD /* main.m in Sources */,
				CE1EA93E1E52F05C0038CFBD /* NSMutableArray+Shuffle.m in Sources */,
			);
			runOnlyForDeploymentPostprocessing = 0;
		};
/* End PBXSourcesBuildPhase section */

/* Begin PBXVariantGroup section */
		CE1EA9001E52D73C0038CFBD /* Main.storyboard */ = {
			isa = PBXVariantGroup;
			children = (
				CE1EA9011E52D73C0038CFBD /* Base */,
			);
			name = Main.storyboard;
			sourceTree = "<group>";
		};
		CE1EA9081E52D73C0038CFBD /* LaunchScreen.storyboard */ = {
			isa = PBXVariantGroup;
			children = (
				CE1EA9091E52D73C0038CFBD /* Base */,
			);
			name = LaunchScreen.storyboard;
			sourceTree = "<group>";
		};
/* End PBXVariantGroup section */

/* Begin XCBuildConfiguration section */
		CE1EA90C1E52D73C0038CFBD /* Debug */ = {
			isa = XCBuildConfiguration;
			buildSettings = {
				ALWAYS_SEARCH_USER_PATHS = NO;
				CLANG_ANALYZER_NONNULL = YES;
				CLANG_CXX_LANGUAGE_STANDARD = "gnu++0x";
				CLANG_CXX_LIBRARY = "libc++";
				CLANG_ENABLE_MODULES = YES;
				CLANG_ENABLE_OBJC_ARC = YES;
				CLANG_WARN_BOOL_CONVERSION = YES;
				CLANG_WARN_CONSTANT_CONVERSION = YES;
				CLANG_WARN_DIRECT_OBJC_ISA_USAGE = YES_ERROR;
				CLANG_WARN_DOCUMENTATION_COMMENTS = YES;
				CLANG_WARN_EMPTY_BODY = YES;
				CLANG_WARN_ENUM_CONVERSION = YES;
				CLANG_WARN_INFINITE_RECURSION = YES;
				CLANG_WARN_INT_CONVERSION = YES;
				CLANG_WARN_OBJC_ROOT_CLASS = YES_ERROR;
				CLANG_WARN_SUSPICIOUS_MOVES = YES;
				CLANG_WARN_UNREACHABLE_CODE = YES;
				CLANG_WARN__DUPLICATE_METHOD_MATCH = YES;
				"CODE_SIGN_IDENTITY[sdk=iphoneos*]" = "iPhone Developer";
				COPY_PHASE_STRIP = NO;
				DEBUG_INFORMATION_FORMAT = dwarf;
				ENABLE_STRICT_OBJC_MSGSEND = YES;
				ENABLE_TESTABILITY = YES;
				GCC_C_LANGUAGE_STANDARD = gnu99;
				GCC_DYNAMIC_NO_PIC = NO;
				GCC_NO_COMMON_BLOCKS = YES;
				GCC_OPTIMIZATION_LEVEL = 0;
				GCC_PREPROCESSOR_DEFINITIONS = (
					"DEBUG=1",
					"$(inherited)",
				);
				GCC_WARN_64_TO_32_BIT_CONVERSION = YES;
				GCC_WARN_ABOUT_RETURN_TYPE = YES_ERROR;
				GCC_WARN_UNDECLARED_SELECTOR = YES;
				GCC_WARN_UNINITIALIZED_AUTOS = YES_AGGRESSIVE;
				GCC_WARN_UNUSED_FUNCTION = YES;
				GCC_WARN_UNUSED_VARIABLE = YES;
				IPHONEOS_DEPLOYMENT_TARGET = 10.0;
				MTL_ENABLE_DEBUG_INFO = YES;
				ONLY_ACTIVE_ARCH = YES;
				SDKROOT = iphoneos;
			};
			name = Debug;
		};
		CE1EA90D1E52D73C0038CFBD /* Release */ = {
			isa = XCBuildConfiguration;
			buildSettings = {
				ALWAYS_SEARCH_USER_PATHS = NO;
				CLANG_ANALYZER_NONNULL = YES;
				CLANG_CXX_LANGUAGE_STANDARD = "gnu++0x";
				CLANG_CXX_LIBRARY = "libc++";
				CLANG_ENABLE_MODULES = YES;
				CLANG_ENABLE_OBJC_ARC = YES;
				CLANG_WARN_BOOL_CONVERSION = YES;
				CLANG_WARN_CONSTANT_CONVERSION = YES;
				CLANG_WARN_DIRECT_OBJC_ISA_USAGE = YES_ERROR;
				CLANG_WARN_DOCUMENTATION_COMMENTS = YES;
				CLANG_WARN_EMPTY_BODY = YES;
				CLANG_WARN_ENUM_CONVERSION = YES;
				CLANG_WARN_INFINITE_RECURSION = YES;
				CLANG_WARN_INT_CONVERSION = YES;
				CLANG_WARN_OBJC_ROOT_CLASS = YES_ERROR;
				CLANG_WARN_SUSPICIOUS_MOVES = YES;
				CLANG_WARN_UNREACHABLE_CODE = YES;
				CLANG_WARN__DUPLICATE_METHOD_MATCH = YES;
				"CODE_SIGN_IDENTITY[sdk=iphoneos*]" = "iPhone Developer";
				COPY_PHASE_STRIP = NO;
				DEBUG_INFORMATION_FORMAT = "dwarf-with-dsym";
				ENABLE_NS_ASSERTIONS = NO;
				ENABLE_STRICT_OBJC_MSGSEND = YES;
				GCC_C_LANGUAGE_STANDARD = gnu99;
				GCC_NO_COMMON_BLOCKS = YES;
				GCC_WARN_64_TO_32_BIT_CONVERSION = YES;
				GCC_WARN_ABOUT_RETURN_TYPE = YES_ERROR;
				GCC_WARN_UNDECLARED_SELECTOR = YES;
				GCC_WARN_UNINITIALIZED_AUTOS = YES_AGGRESSIVE;
				GCC_WARN_UNUSED_FUNCTION = YES;
				GCC_WARN_UNUSED_VARIABLE = YES;
				IPHONEOS_DEPLOYMENT_TARGET = 10.0;
				MTL_ENABLE_DEBUG_INFO = NO;
				SDKROOT = iphoneos;
				VALIDATE_PRODUCT = YES;
			};
			name = Release;
		};
		CE1EA90F1E52D73C0038CFBD /* Debug */ = {
			isa = XCBuildConfiguration;
			buildSettings = {
				ASSETCATALOG_COMPILER_APPICON_NAME = AppIcon;
				INFOPLIST_FILE = ColorMemoryForAccedo/Info.plist;
				LD_RUNPATH_SEARCH_PATHS = "$(inherited) @executable_path/Frameworks";
				PRODUCT_BUNDLE_IDENTIFIER = com.ColorMemoryForAccedo;
				PRODUCT_NAME = "$(TARGET_NAME)";
			};
			name = Debug;
		};
		CE1EA9101E52D73C0038CFBD /* Release */ = {
			isa = XCBuildConfiguration;
			buildSettings = {
				ASSETCATALOG_COMPILER_APPICON_NAME = AppIcon;
				INFOPLIST_FILE = ColorMemoryForAccedo/Info.plist;
				LD_RUNPATH_SEARCH_PATHS = "$(inherited) @executable_path/Frameworks";
				PRODUCT_BUNDLE_IDENTIFIER = com.ColorMemoryForAccedo;
				PRODUCT_NAME = "$(TARGET_NAME)";
			};
			name = Release;
		};
/* End XCBuildConfiguration section */

/* Begin XCConfigurationList section */
		CE1EA8EF1E52D73A0038CFBD /* Build configuration list for PBXProject "ColorMemoryForAccedo" */ = {
			isa = XCConfigurationList;
			buildConfigurations = (
				CE1EA90C1E52D73C0038CFBD /* Debug */,
				CE1EA90D1E52D73C0038CFBD /* Release */,
			);
			defaultConfigurationIsVisible = 0;
			defaultConfigurationName = Release;
		};
		CE1EA90E1E52D73C0038CFBD /* Build configuration list for PBXNativeTarget "ColorMemoryForAccedo" */ = {
			isa = XCConfigurationList;
			buildConfigurations = (
				CE1EA90F1E52D73C0038CFBD /* Debug */,
				CE1EA9101E52D73C0038CFBD /* Release */,
			);
			defaultConfigurationIsVisible = 0;
			defaultConfigurationName = Release;
		};
/* End XCConfigurationList section */

/* Begin XCVersionGroup section */
		CE1EA9031E52D73C0038CFBD /* ColorMemoryForAccedo.xcdatamodeld */ = {
			isa = XCVersionGroup;
			children = (
				CE1EA9041E52D73C0038CFBD /* ColorMemoryForAccedo.xcdatamodel */,
			);
			currentVersion = CE1EA9041E52D73C0038CFBD /* ColorMemoryForAccedo.xcdatamodel */;
			path = ColorMemoryForAccedo.xcdatamodeld;
			sourceTree = "<group>";
			versionGroupType = wrapper.xcdatamodel;
		};
/* End XCVersionGroup section */
	};
	rootObject = CE1EA8EC1E52D73A0038CFBD /* Project object */;
}
